// !$*UTF8*$!
{
	archiveVersion = 1;
	classes = {
	};
	objectVersion = 54;
	objects = {

/* Begin PBXBuildFile section */
		001CBC15BF77503AC22192E3 /* LMSUITests.swift in Sources */ = {isa = PBXBuildFile; fileRef = 48C11E09ED5E3B14E21D314C /* LMSUITests.swift */; };
		00487D3F440069A25AEF0432 /* ErrorBanner.swift in Sources */ = {isa = PBXBuildFile; fileRef = DA48B75B2DC4EB2861CA5891 /* ErrorBanner.swift */; };
		0569D474ECA24702EC7473DD /* AssignmentTeacherView.swift in Sources */ = {isa = PBXBuildFile; fileRef = F93E575C77FB7F50106E908D /* AssignmentTeacherView.swift */; };
		06FA0B757A5B4A9957B3C07D /* UpdateProfileRequest.swift in Sources */ = {isa = PBXBuildFile; fileRef = 05C0FCEED104A26B069E8EAF /* UpdateProfileRequest.swift */; };
		0E85AAA4EB8CE50636F24D36 /* Team.swift in Sources */ = {isa = PBXBuildFile; fileRef = C8D8683568911AD56D01F983 /* Team.swift */; };
		10AA93AE2220C173AA6EEDD4 /* CommentRowView.swift in Sources */ = {isa = PBXBuildFile; fileRef = 1AE8CE05E7FE58F0A84EFA64 /* CommentRowView.swift */; };
		10DA49655E93696141627497 /* Assignment.swift in Sources */ = {isa = PBXBuildFile; fileRef = 749498F0358CA210BD5EE427 /* Assignment.swift */; };
		1526B6AD2B9A36980AB2A20D /* Comment.swift in Sources */ = {isa = PBXBuildFile; fileRef = 73F1FA7C177E3B0013EA66C8 /* Comment.swift */; };
		15F0B77425D460B9480D8991 /* SubmissionRowView.swift in Sources */ = {isa = PBXBuildFile; fileRef = 65DD1D45D06B894F0A19F43D /* SubmissionRowView.swift */; };
		176FCC7A84B4ECB09767AC5F /* LMSApp.swift in Sources */ = {isa = PBXBuildFile; fileRef = 806D0FBA679AE4B1E4A5C948 /* LMSApp.swift */; };
		1859DE3629D59C48BD53A422 /* ClassDetailViewModelTests.swift in Sources */ = {isa = PBXBuildFile; fileRef = 58D1AD0570AC56CCCED1F0B1 /* ClassDetailViewModelTests.swift */; };
		22155EB70191D1DE288F2961 /* LoginViewModelTests.swift in Sources */ = {isa = PBXBuildFile; fileRef = 1D37877E5BE77FA2A472A78C /* LoginViewModelTests.swift */; };
		2556465E12AEDA627ADC87D3 /* GradeView.swift in Sources */ = {isa = PBXBuildFile; fileRef = D95BC75E1DFA6CC519FD7EB0 /* GradeView.swift */; };
		258FA6E28679BE0FEFFE8EDD /* CreateAssignmentViewModel.swift in Sources */ = {isa = PBXBuildFile; fileRef = 1EB75104D79F6C1FEEDE8BEC /* CreateAssignmentViewModel.swift */; };
		29DF839DB91F0C291E94CE73 /* AssignmentTeacherViewModel.swift in Sources */ = {isa = PBXBuildFile; fileRef = 62825A9FEDC18CFB7F21B6AB /* AssignmentTeacherViewModel.swift */; };
		3541DDF85C7A74D91471F304 /* APIConfig.swift in Sources */ = {isa = PBXBuildFile; fileRef = 9CFE6A93E90B00ABC7AD04E6 /* APIConfig.swift */; };
		377DA7F0CAD1AF6F4E8C90C9 /* StatusBadge.swift in Sources */ = {isa = PBXBuildFile; fileRef = D3FAF60DCEB97BDAA5566B18 /* StatusBadge.swift */; };
		3863896A118603C282F50B06 /* SubmissionDetailView.swift in Sources */ = {isa = PBXBuildFile; fileRef = 1269D4579A9A367533C7E4A7 /* SubmissionDetailView.swift */; };
		3B913A12B904281C90BFD1B1 /* CommentsViewModel.swift in Sources */ = {isa = PBXBuildFile; fileRef = A06B96DE7BDDC099F8A7B5C4 /* CommentsViewModel.swift */; };
		3F698C641087F2637A63444C /* AssignmentStudentView.swift in Sources */ = {isa = PBXBuildFile; fileRef = 0CD24EB53B8C8A1141CCC16A /* AssignmentStudentView.swift */; };
		405F7F01127A5D4D9C429111 /* TeamsViewModel.swift in Sources */ = {isa = PBXBuildFile; fileRef = 4277667A93255FADB9050300 /* TeamsViewModel.swift */; };
		418BCAC0F3C4958C011F9E5A /* ClassListView.swift in Sources */ = {isa = PBXBuildFile; fileRef = F46524CD34CD2C4D722DABA4 /* ClassListView.swift */; };
		4203DA0AC2734437AB0EA611 /* AuthManager.swift in Sources */ = {isa = PBXBuildFile; fileRef = 18307B108761FB2302C79B27 /* AuthManager.swift */; };
		42E97502F6194BF0C4EBD5BA /* User.swift in Sources */ = {isa = PBXBuildFile; fileRef = EB382E358EC29BE36E9AD4F5 /* User.swift */; };
		45F6F00D7552C52D25AA7BCC /* Submission.swift in Sources */ = {isa = PBXBuildFile; fileRef = 83981A08A310D807C33D60B3 /* Submission.swift */; };
		47B2AF39F75D9CAE16189B51 /* AvatarView.swift in Sources */ = {isa = PBXBuildFile; fileRef = 75318DCCE7F4BD2530108748 /* AvatarView.swift */; };
		4A646A1E8BD837B0809A0D97 /* CommentsViewModelTests.swift in Sources */ = {isa = PBXBuildFile; fileRef = B0905D04D880FA328EB0D6A4 /* CommentsViewModelTests.swift */; };
		4AABD5ADE2DCEFEE4D0F89D5 /* CommentsSection.swift in Sources */ = {isa = PBXBuildFile; fileRef = 83B17F50961EEBD8538FB360 /* CommentsSection.swift */; };
		4C3404BFD8E99267A0990F61 /* ModelsTests.swift in Sources */ = {isa = PBXBuildFile; fileRef = 0C123451B40E8B7B7A0FF513 /* ModelsTests.swift */; };
		576F8CDF969EE2371CD1FAC1 /* LoginView.swift in Sources */ = {isa = PBXBuildFile; fileRef = C0A88DE7350BB7CF0AD55C93 /* LoginView.swift */; };
		58E911F22A7394594CE60F36 /* APIServiceProtocol.swift in Sources */ = {isa = PBXBuildFile; fileRef = 7E9D8BC2ECCB018555CB7595 /* APIServiceProtocol.swift */; };
		599C278EADB32B4BA3EBEC53 /* SubmissionStatus.swift in Sources */ = {isa = PBXBuildFile; fileRef = 0CDC6B511AF3C2E9E524D50E /* SubmissionStatus.swift */; };
		59E1EC7A5FD23DF1DFFC2451 /* FileData.swift in Sources */ = {isa = PBXBuildFile; fileRef = 18026A405508E56A65B033D5 /* FileData.swift */; };
		5A19D0134B6C4D2146B85105 /* FilePreviewView.swift in Sources */ = {isa = PBXBuildFile; fileRef = 399C2A00E7C89A1B7BD158C8 /* FilePreviewView.swift */; };
		5B30B2D138F7EFB9AABC96C0 /* ClassCardView.swift in Sources */ = {isa = PBXBuildFile; fileRef = B0D5944B7542BE7F80AB9B73 /* ClassCardView.swift */; };
		5CB13C7BB585D735C58E01C5 /* NetworkTests.swift in Sources */ = {isa = PBXBuildFile; fileRef = 0E208574B12C55048815F50B /* NetworkTests.swift */; };
		61CF04DF884FE81558379F40 /* RegisterRequest.swift in Sources */ = {isa = PBXBuildFile; fileRef = C4B9394D111F73871D23AEEE /* RegisterRequest.swift */; };
		649B705DDE54A7D921AE51F9 /* AuthManagerTests.swift in Sources */ = {isa = PBXBuildFile; fileRef = 995ABD6411FBEC362B9B8A7E /* AuthManagerTests.swift */; };
		6C364828E40E862EEAB696E0 /* MembersListViewModel.swift in Sources */ = {isa = PBXBuildFile; fileRef = 60C3F81941E42D53776923BB /* MembersListViewModel.swift */; };
		6D97D0D121803B1C2C91CAE6 /* CreateTeamSheet.swift in Sources */ = {isa = PBXBuildFile; fileRef = C9AAED0D9A800FA94EAFE0F5 /* CreateTeamSheet.swift */; };
		6D97DF4DF232C2DD882B1C9D /* ClassListViewModelTests.swift in Sources */ = {isa = PBXBuildFile; fileRef = 7EF1E340076E8D12118452CA /* ClassListViewModelTests.swift */; };
		6E4EDCAF04D0259884EF6C94 /* CreateClassSheet.swift in Sources */ = {isa = PBXBuildFile; fileRef = 433CC0EC29492A36105825E1 /* CreateClassSheet.swift */; };
		70140E826F0CE22B78E64FE8 /* FileAttachmentView.swift in Sources */ = {isa = PBXBuildFile; fileRef = B6A6517DACD23A61E7F91AF4 /* FileAttachmentView.swift */; };
		7B86D286FCE24C59248279E1 /* PageResponse.swift in Sources */ = {isa = PBXBuildFile; fileRef = 5E83125AE0448DF0982311C8 /* PageResponse.swift */; };
		7D1E55E2FFA44BD0538495B4 /* MainTabView.swift in Sources */ = {isa = PBXBuildFile; fileRef = 1D3ED9DCD58C1C9C28BAAD8F /* MainTabView.swift */; };
		7E97E5F32B93FDBB07C6F05D /* MockAPIService.swift in Sources */ = {isa = PBXBuildFile; fileRef = 2EFB8120E1FBB8994C96814D /* MockAPIService.swift */; };
		807D22776002CF6DCF26454C /* SubmissionDetailViewModel.swift in Sources */ = {isa = PBXBuildFile; fileRef = 6E2D1091DCC62CC35B5ED62D /* SubmissionDetailViewModel.swift */; };
		845B34199D4E902AB6F8814A /* TeamGradeViewModel.swift in Sources */ = {isa = PBXBuildFile; fileRef = 8798E4C9F16D13008A5D001E /* TeamGradeViewModel.swift */; };
		8A0E5313FF193C19E6686E12 /* RegisterView.swift in Sources */ = {isa = PBXBuildFile; fileRef = 467075BAA6F4ECC6096009DA /* RegisterView.swift */; };
		8C3A10DF0E28A7B5FE4175C8 /* CreateQuickAssignmentSheet.swift in Sources */ = {isa = PBXBuildFile; fileRef = 024473752BBDF4AAA7F7F283 /* CreateQuickAssignmentSheet.swift */; };
		8E83CB7D61895B9603A6F976 /* DeepLinkHandler.swift in Sources */ = {isa = PBXBuildFile; fileRef = B9B78B01D7B08F18B33A44AD /* DeepLinkHandler.swift */; };
		8E9F09F3CBBFF2B88A31C8C6 /* ClassListViewModel.swift in Sources */ = {isa = PBXBuildFile; fileRef = B0D71CFCB022D22D40CAF3F0 /* ClassListViewModel.swift */; };
		909E74E99428D934C02D1055 /* TeamGradeView.swift in Sources */ = {isa = PBXBuildFile; fileRef = E80FB739EF0CEE73CF1DFCB7 /* TeamGradeView.swift */; };
		9179B04081AA866E14E767FB /* Member.swift in Sources */ = {isa = PBXBuildFile; fileRef = C8F32F5550A0A0FFF1B8849C /* Member.swift */; };
		917F5DB397E652B1E18E525F /* NetworkError.swift in Sources */ = {isa = PBXBuildFile; fileRef = 999A52EF41AC9906B503BDC3 /* NetworkError.swift */; };
		939451BF62F353018CC8FE56 /* MemberProfileView.swift in Sources */ = {isa = PBXBuildFile; fileRef = C97B1B8684EB8CFA12F81FC2 /* MemberProfileView.swift */; };
		99C032E1AA11E01CC32FF8B1 /* APIService.swift in Sources */ = {isa = PBXBuildFile; fileRef = 19E7413006C830E7909E2ED0 /* APIService.swift */; };
		9CEF02FB805666A61BA74F41 /* Assets.xcassets in Resources */ = {isa = PBXBuildFile; fileRef = 8E0B4D5685FBFD27D84FEB81 /* Assets.xcassets */; };
		A06C85DB4D77ED215E76459D /* RoleBadge.swift in Sources */ = {isa = PBXBuildFile; fileRef = 4DEDBD049F68C912D43CE3D8 /* RoleBadge.swift */; };
		A22B21AEF80C512D4AD9A3D1 /* LoadingButton.swift in Sources */ = {isa = PBXBuildFile; fileRef = 087A71AD3EDFEAF824176A4B /* LoadingButton.swift */; };
		A5C4AC78B1164A0845C907A2 /* AssignmentCardView.swift in Sources */ = {isa = PBXBuildFile; fileRef = CF32CBB0F2375378326B3DCB /* AssignmentCardView.swift */; };
		A699BA0923CE879FE27D822D /* Role.swift in Sources */ = {isa = PBXBuildFile; fileRef = 437F3AC2FBCA94359BA22B68 /* Role.swift */; };
		A947E34959ADCB6A3E087D4F /* ClassStats.swift in Sources */ = {isa = PBXBuildFile; fileRef = 68E759070408013835F8F638 /* ClassStats.swift */; };
		AB0A449599CDF408D67419FB /* DocumentPicker.swift in Sources */ = {isa = PBXBuildFile; fileRef = 5485701441C1C395B4AD8B05 /* DocumentPicker.swift */; };
		B29508F91444ED37510C691D /* DeadlineBadge.swift in Sources */ = {isa = PBXBuildFile; fileRef = 65DAA3D7B2494C20990A34F9 /* DeadlineBadge.swift */; };
		B2CE05A147F60A0BC5CDADFB /* ClassStatsViewModel.swift in Sources */ = {isa = PBXBuildFile; fileRef = 290918585097B87D50D3F14D /* ClassStatsViewModel.swift */; };
		B912CDB762BA1FA4F8919CA1 /* ProfileViewModel.swift in Sources */ = {isa = PBXBuildFile; fileRef = 78F1097E7FDFEFEC4FCB6772 /* ProfileViewModel.swift */; };
		B959A14F9D3500F11F2925B8 /* KeychainHelper.swift in Sources */ = {isa = PBXBuildFile; fileRef = D7BF9578A267CE55BD9893FB /* KeychainHelper.swift */; };
		BABD216732E9690219668F5D /* JoinClassSheet.swift in Sources */ = {isa = PBXBuildFile; fileRef = 597794DC803C2A7426C8B89C /* JoinClassSheet.swift */; };
		BBE9DDBCB9146BC768306AF1 /* CreateAssignmentView.swift in Sources */ = {isa = PBXBuildFile; fileRef = A989696A2EB698F76DBAE52E /* CreateAssignmentView.swift */; };
		BFBEEBCCD4C22F6970996BEF /* AssignmentViewModelTests.swift in Sources */ = {isa = PBXBuildFile; fileRef = 0371F3971D1E20D8342C3609 /* AssignmentViewModelTests.swift */; };
		C32AF9D215EA301162F78A21 /* MockData.swift in Sources */ = {isa = PBXBuildFile; fileRef = BDFA6996CB49DD2921D63DE6 /* MockData.swift */; };
		C37DD33A81A0446966C69291 /* EmptyStateView.swift in Sources */ = {isa = PBXBuildFile; fileRef = D19B4018348DDFAD7AF35520 /* EmptyStateView.swift */; };
		CBE0F9B51363C2D1D2726637 /* TeamDetailView.swift in Sources */ = {isa = PBXBuildFile; fileRef = 0F350F7109905708E8DCA807 /* TeamDetailView.swift */; };
		CFFBF8EEEF9BE82EFB1CF017 /* ClassSettingsView.swift in Sources */ = {isa = PBXBuildFile; fileRef = DA1BE78F26FE1C119D82FC66 /* ClassSettingsView.swift */; };
		DB7E8A08A907A312B75CA5EE /* ClassRoom.swift in Sources */ = {isa = PBXBuildFile; fileRef = DB61A511F14AD0F535E240C6 /* ClassRoom.swift */; };
		DBCC63CD6F17624CF684BF60 /* ClassDetailViewModel.swift in Sources */ = {isa = PBXBuildFile; fileRef = 5A85F43368BF4E69B57400C1 /* ClassDetailViewModel.swift */; };
		DFC2AB92264289A22355168C /* LoginViewModel.swift in Sources */ = {isa = PBXBuildFile; fileRef = 75C43F0994B9BDFB0FD5C501 /* LoginViewModel.swift */; };
		E4C17D2754B9F2E106997AEE /* ProfileViewModelTests.swift in Sources */ = {isa = PBXBuildFile; fileRef = FAD3D49BDCA9ADA8565ACB58 /* ProfileViewModelTests.swift */; };
		E4DBFB1D50FA92F2107D4E8A /* RegisterViewModelTests.swift in Sources */ = {isa = PBXBuildFile; fileRef = 8443E40DE6C2D6E17EDB2A54 /* RegisterViewModelTests.swift */; };
		E5C50EC7289B4B2978AB5C74 /* AuthResponse.swift in Sources */ = {isa = PBXBuildFile; fileRef = B0E4BBBDC85345005C55A7AB /* AuthResponse.swift */; };
		EB845E24E65541C16DB3032C /* AssignmentDetailView.swift in Sources */ = {isa = PBXBuildFile; fileRef = 810D58A1C5144AB6DBA2B9EA /* AssignmentDetailView.swift */; };
		ECF2C1E585C6E2E196A9618B /* ClassStatsView.swift in Sources */ = {isa = PBXBuildFile; fileRef = 3ECBDBD350F1219253AC4343 /* ClassStatsView.swift */; };
		F0BEFB57771134CC1D3B4C1A /* ProfileView.swift in Sources */ = {isa = PBXBuildFile; fileRef = EAA3562FEEDB59F55A405B8F /* ProfileView.swift */; };
		F1B31D1C7B4BAC26EAAE94E0 /* MemberRowView.swift in Sources */ = {isa = PBXBuildFile; fileRef = 47A1FD86D331235E08E6DDA6 /* MemberRowView.swift */; };
		F2FFFC1B4A6BBE02F1B3AE62 /* LMSTests.swift in Sources */ = {isa = PBXBuildFile; fileRef = 573E8E20D51D8B3767362B6C /* LMSTests.swift */; };
		F44BA4DC7AA2322816168CE9 /* TeamsListView.swift in Sources */ = {isa = PBXBuildFile; fileRef = 02A02C3849C895D38B66F969 /* TeamsListView.swift */; };
		F5608C5C9675D3FDEB9AD3A0 /* AssignmentStudentViewModel.swift in Sources */ = {isa = PBXBuildFile; fileRef = 2AFDE99CEFAB4A06AFA2E570 /* AssignmentStudentViewModel.swift */; };
		F5902983E45FCF3169D46A62 /* JSONCoder+LMS.swift in Sources */ = {isa = PBXBuildFile; fileRef = CD617273E3892E794C081755 /* JSONCoder+LMS.swift */; };
		F8929E59703720D7782F4E21 /* ClassDetailView.swift in Sources */ = {isa = PBXBuildFile; fileRef = 04B6E562D3E94E5B071DE437 /* ClassDetailView.swift */; };
		F9F0A021A66D23E6B5D0DFA7 /* MembersListViewModelTests.swift in Sources */ = {isa = PBXBuildFile; fileRef = DF5B62D2BE31406DB236A8A8 /* MembersListViewModelTests.swift */; };
		FB4878875D027B77A8DAF170 /* MembersListView.swift in Sources */ = {isa = PBXBuildFile; fileRef = 101A765C235970281E8BF275 /* MembersListView.swift */; };
		FBCC3F103435E13AD14B82DD /* ShuffleTeamsSheet.swift in Sources */ = {isa = PBXBuildFile; fileRef = 8996340BB6B384A2A9536F4E /* ShuffleTeamsSheet.swift */; };
		FC0DDB990E1C2DD3F4F14EB5 /* RegisterViewModel.swift in Sources */ = {isa = PBXBuildFile; fileRef = 240F3E33B14ECEF53B2F97C1 /* RegisterViewModel.swift */; };
/* End PBXBuildFile section */

/* Begin PBXContainerItemProxy section */
		3B3BC612627B28FF0B60B22C /* PBXContainerItemProxy */ = {
			isa = PBXContainerItemProxy;
			containerPortal = 1BDA123E2A496A75607E73E8 /* Project object */;
			proxyType = 1;
			remoteGlobalIDString = 70CC125DF568AFE30D438F39;
			remoteInfo = LMS;
		};
		D7322437F2B4479146BFB770 /* PBXContainerItemProxy */ = {
			isa = PBXContainerItemProxy;
			containerPortal = 1BDA123E2A496A75607E73E8 /* Project object */;
			proxyType = 1;
			remoteGlobalIDString = 70CC125DF568AFE30D438F39;
			remoteInfo = LMS;
		};
/* End PBXContainerItemProxy section */

/* Begin PBXFileReference section */
		024473752BBDF4AAA7F7F283 /* CreateQuickAssignmentSheet.swift */ = {isa = PBXFileReference; lastKnownFileType = sourcecode.swift; path = CreateQuickAssignmentSheet.swift; sourceTree = "<group>"; };
		02A02C3849C895D38B66F969 /* TeamsListView.swift */ = {isa = PBXFileReference; lastKnownFileType = sourcecode.swift; path = TeamsListView.swift; sourceTree = "<group>"; };
		0371F3971D1E20D8342C3609 /* AssignmentViewModelTests.swift */ = {isa = PBXFileReference; lastKnownFileType = sourcecode.swift; path = AssignmentViewModelTests.swift; sourceTree = "<group>"; };
		04B6E562D3E94E5B071DE437 /* ClassDetailView.swift */ = {isa = PBXFileReference; lastKnownFileType = sourcecode.swift; path = ClassDetailView.swift; sourceTree = "<group>"; };
		05C0FCEED104A26B069E8EAF /* UpdateProfileRequest.swift */ = {isa = PBXFileReference; lastKnownFileType = sourcecode.swift; path = UpdateProfileRequest.swift; sourceTree = "<group>"; };
		087A71AD3EDFEAF824176A4B /* LoadingButton.swift */ = {isa = PBXFileReference; lastKnownFileType = sourcecode.swift; path = LoadingButton.swift; sourceTree = "<group>"; };
		0C123451B40E8B7B7A0FF513 /* ModelsTests.swift */ = {isa = PBXFileReference; lastKnownFileType = sourcecode.swift; path = ModelsTests.swift; sourceTree = "<group>"; };
		0CD24EB53B8C8A1141CCC16A /* AssignmentStudentView.swift */ = {isa = PBXFileReference; lastKnownFileType = sourcecode.swift; path = AssignmentStudentView.swift; sourceTree = "<group>"; };
		0CDC6B511AF3C2E9E524D50E /* SubmissionStatus.swift */ = {isa = PBXFileReference; lastKnownFileType = sourcecode.swift; path = SubmissionStatus.swift; sourceTree = "<group>"; };
		0E208574B12C55048815F50B /* NetworkTests.swift */ = {isa = PBXFileReference; lastKnownFileType = sourcecode.swift; path = NetworkTests.swift; sourceTree = "<group>"; };
		0F350F7109905708E8DCA807 /* TeamDetailView.swift */ = {isa = PBXFileReference; lastKnownFileType = sourcecode.swift; path = TeamDetailView.swift; sourceTree = "<group>"; };
		101A765C235970281E8BF275 /* MembersListView.swift */ = {isa = PBXFileReference; lastKnownFileType = sourcecode.swift; path = MembersListView.swift; sourceTree = "<group>"; };
		1269D4579A9A367533C7E4A7 /* SubmissionDetailView.swift */ = {isa = PBXFileReference; lastKnownFileType = sourcecode.swift; path = SubmissionDetailView.swift; sourceTree = "<group>"; };
		18026A405508E56A65B033D5 /* FileData.swift */ = {isa = PBXFileReference; lastKnownFileType = sourcecode.swift; path = FileData.swift; sourceTree = "<group>"; };
		18307B108761FB2302C79B27 /* AuthManager.swift */ = {isa = PBXFileReference; lastKnownFileType = sourcecode.swift; path = AuthManager.swift; sourceTree = "<group>"; };
		19E7413006C830E7909E2ED0 /* APIService.swift */ = {isa = PBXFileReference; lastKnownFileType = sourcecode.swift; path = APIService.swift; sourceTree = "<group>"; };
		1AE8CE05E7FE58F0A84EFA64 /* CommentRowView.swift */ = {isa = PBXFileReference; lastKnownFileType = sourcecode.swift; path = CommentRowView.swift; sourceTree = "<group>"; };
		1D37877E5BE77FA2A472A78C /* LoginViewModelTests.swift */ = {isa = PBXFileReference; lastKnownFileType = sourcecode.swift; path = LoginViewModelTests.swift; sourceTree = "<group>"; };
		1D3ED9DCD58C1C9C28BAAD8F /* MainTabView.swift */ = {isa = PBXFileReference; lastKnownFileType = sourcecode.swift; path = MainTabView.swift; sourceTree = "<group>"; };
		1EB75104D79F6C1FEEDE8BEC /* CreateAssignmentViewModel.swift */ = {isa = PBXFileReference; lastKnownFileType = sourcecode.swift; path = CreateAssignmentViewModel.swift; sourceTree = "<group>"; };
		240F3E33B14ECEF53B2F97C1 /* RegisterViewModel.swift */ = {isa = PBXFileReference; lastKnownFileType = sourcecode.swift; path = RegisterViewModel.swift; sourceTree = "<group>"; };
		290918585097B87D50D3F14D /* ClassStatsViewModel.swift */ = {isa = PBXFileReference; lastKnownFileType = sourcecode.swift; path = ClassStatsViewModel.swift; sourceTree = "<group>"; };
		2AFDE99CEFAB4A06AFA2E570 /* AssignmentStudentViewModel.swift */ = {isa = PBXFileReference; lastKnownFileType = sourcecode.swift; path = AssignmentStudentViewModel.swift; sourceTree = "<group>"; };
		2EFB8120E1FBB8994C96814D /* MockAPIService.swift */ = {isa = PBXFileReference; lastKnownFileType = sourcecode.swift; path = MockAPIService.swift; sourceTree = "<group>"; };
		374BE9173FFAADD2EE68DBDC /* LMSUITests.xctest */ = {isa = PBXFileReference; includeInIndex = 0; lastKnownFileType = wrapper.cfbundle; path = LMSUITests.xctest; sourceTree = BUILT_PRODUCTS_DIR; };
		399C2A00E7C89A1B7BD158C8 /* FilePreviewView.swift */ = {isa = PBXFileReference; lastKnownFileType = sourcecode.swift; path = FilePreviewView.swift; sourceTree = "<group>"; };
		3ECBDBD350F1219253AC4343 /* ClassStatsView.swift */ = {isa = PBXFileReference; lastKnownFileType = sourcecode.swift; path = ClassStatsView.swift; sourceTree = "<group>"; };
		4277667A93255FADB9050300 /* TeamsViewModel.swift */ = {isa = PBXFileReference; lastKnownFileType = sourcecode.swift; path = TeamsViewModel.swift; sourceTree = "<group>"; };
		433CC0EC29492A36105825E1 /* CreateClassSheet.swift */ = {isa = PBXFileReference; lastKnownFileType = sourcecode.swift; path = CreateClassSheet.swift; sourceTree = "<group>"; };
		437F3AC2FBCA94359BA22B68 /* Role.swift */ = {isa = PBXFileReference; lastKnownFileType = sourcecode.swift; path = Role.swift; sourceTree = "<group>"; };
		467075BAA6F4ECC6096009DA /* RegisterView.swift */ = {isa = PBXFileReference; lastKnownFileType = sourcecode.swift; path = RegisterView.swift; sourceTree = "<group>"; };
		47A1FD86D331235E08E6DDA6 /* MemberRowView.swift */ = {isa = PBXFileReference; lastKnownFileType = sourcecode.swift; path = MemberRowView.swift; sourceTree = "<group>"; };
		48C11E09ED5E3B14E21D314C /* LMSUITests.swift */ = {isa = PBXFileReference; lastKnownFileType = sourcecode.swift; path = LMSUITests.swift; sourceTree = "<group>"; };
		4DEDBD049F68C912D43CE3D8 /* RoleBadge.swift */ = {isa = PBXFileReference; lastKnownFileType = sourcecode.swift; path = RoleBadge.swift; sourceTree = "<group>"; };
		5485701441C1C395B4AD8B05 /* DocumentPicker.swift */ = {isa = PBXFileReference; lastKnownFileType = sourcecode.swift; path = DocumentPicker.swift; sourceTree = "<group>"; };
		573E8E20D51D8B3767362B6C /* LMSTests.swift */ = {isa = PBXFileReference; lastKnownFileType = sourcecode.swift; path = LMSTests.swift; sourceTree = "<group>"; };
		58D1AD0570AC56CCCED1F0B1 /* ClassDetailViewModelTests.swift */ = {isa = PBXFileReference; lastKnownFileType = sourcecode.swift; path = ClassDetailViewModelTests.swift; sourceTree = "<group>"; };
		597794DC803C2A7426C8B89C /* JoinClassSheet.swift */ = {isa = PBXFileReference; lastKnownFileType = sourcecode.swift; path = JoinClassSheet.swift; sourceTree = "<group>"; };
		5A85F43368BF4E69B57400C1 /* ClassDetailViewModel.swift */ = {isa = PBXFileReference; lastKnownFileType = sourcecode.swift; path = ClassDetailViewModel.swift; sourceTree = "<group>"; };
		5E83125AE0448DF0982311C8 /* PageResponse.swift */ = {isa = PBXFileReference; lastKnownFileType = sourcecode.swift; path = PageResponse.swift; sourceTree = "<group>"; };
		60C3F81941E42D53776923BB /* MembersListViewModel.swift */ = {isa = PBXFileReference; lastKnownFileType = sourcecode.swift; path = MembersListViewModel.swift; sourceTree = "<group>"; };
		62825A9FEDC18CFB7F21B6AB /* AssignmentTeacherViewModel.swift */ = {isa = PBXFileReference; lastKnownFileType = sourcecode.swift; path = AssignmentTeacherViewModel.swift; sourceTree = "<group>"; };
		65DAA3D7B2494C20990A34F9 /* DeadlineBadge.swift */ = {isa = PBXFileReference; lastKnownFileType = sourcecode.swift; path = DeadlineBadge.swift; sourceTree = "<group>"; };
		65DD1D45D06B894F0A19F43D /* SubmissionRowView.swift */ = {isa = PBXFileReference; lastKnownFileType = sourcecode.swift; path = SubmissionRowView.swift; sourceTree = "<group>"; };
		68E759070408013835F8F638 /* ClassStats.swift */ = {isa = PBXFileReference; lastKnownFileType = sourcecode.swift; path = ClassStats.swift; sourceTree = "<group>"; };
		6E2D1091DCC62CC35B5ED62D /* SubmissionDetailViewModel.swift */ = {isa = PBXFileReference; lastKnownFileType = sourcecode.swift; path = SubmissionDetailViewModel.swift; sourceTree = "<group>"; };
		73F1FA7C177E3B0013EA66C8 /* Comment.swift */ = {isa = PBXFileReference; lastKnownFileType = sourcecode.swift; path = Comment.swift; sourceTree = "<group>"; };
		749498F0358CA210BD5EE427 /* Assignment.swift */ = {isa = PBXFileReference; lastKnownFileType = sourcecode.swift; path = Assignment.swift; sourceTree = "<group>"; };
		75318DCCE7F4BD2530108748 /* AvatarView.swift */ = {isa = PBXFileReference; lastKnownFileType = sourcecode.swift; path = AvatarView.swift; sourceTree = "<group>"; };
		75C43F0994B9BDFB0FD5C501 /* LoginViewModel.swift */ = {isa = PBXFileReference; lastKnownFileType = sourcecode.swift; path = LoginViewModel.swift; sourceTree = "<group>"; };
		78F1097E7FDFEFEC4FCB6772 /* ProfileViewModel.swift */ = {isa = PBXFileReference; lastKnownFileType = sourcecode.swift; path = ProfileViewModel.swift; sourceTree = "<group>"; };
		7E9D8BC2ECCB018555CB7595 /* APIServiceProtocol.swift */ = {isa = PBXFileReference; lastKnownFileType = sourcecode.swift; path = APIServiceProtocol.swift; sourceTree = "<group>"; };
		7EF1E340076E8D12118452CA /* ClassListViewModelTests.swift */ = {isa = PBXFileReference; lastKnownFileType = sourcecode.swift; path = ClassListViewModelTests.swift; sourceTree = "<group>"; };
		806D0FBA679AE4B1E4A5C948 /* LMSApp.swift */ = {isa = PBXFileReference; lastKnownFileType = sourcecode.swift; path = LMSApp.swift; sourceTree = "<group>"; };
		810D58A1C5144AB6DBA2B9EA /* AssignmentDetailView.swift */ = {isa = PBXFileReference; lastKnownFileType = sourcecode.swift; path = AssignmentDetailView.swift; sourceTree = "<group>"; };
		83981A08A310D807C33D60B3 /* Submission.swift */ = {isa = PBXFileReference; lastKnownFileType = sourcecode.swift; path = Submission.swift; sourceTree = "<group>"; };
		83B17F50961EEBD8538FB360 /* CommentsSection.swift */ = {isa = PBXFileReference; lastKnownFileType = sourcecode.swift; path = CommentsSection.swift; sourceTree = "<group>"; };
		8443E40DE6C2D6E17EDB2A54 /* RegisterViewModelTests.swift */ = {isa = PBXFileReference; lastKnownFileType = sourcecode.swift; path = RegisterViewModelTests.swift; sourceTree = "<group>"; };
		8798E4C9F16D13008A5D001E /* TeamGradeViewModel.swift */ = {isa = PBXFileReference; lastKnownFileType = sourcecode.swift; path = TeamGradeViewModel.swift; sourceTree = "<group>"; };
		8996340BB6B384A2A9536F4E /* ShuffleTeamsSheet.swift */ = {isa = PBXFileReference; lastKnownFileType = sourcecode.swift; path = ShuffleTeamsSheet.swift; sourceTree = "<group>"; };
		8E0B4D5685FBFD27D84FEB81 /* Assets.xcassets */ = {isa = PBXFileReference; lastKnownFileType = folder.assetcatalog; path = Assets.xcassets; sourceTree = "<group>"; };
		995ABD6411FBEC362B9B8A7E /* AuthManagerTests.swift */ = {isa = PBXFileReference; lastKnownFileType = sourcecode.swift; path = AuthManagerTests.swift; sourceTree = "<group>"; };
		999A52EF41AC9906B503BDC3 /* NetworkError.swift */ = {isa = PBXFileReference; lastKnownFileType = sourcecode.swift; path = NetworkError.swift; sourceTree = "<group>"; };
		99A74AD1A245310BAE017775 /* LMS.app */ = {isa = PBXFileReference; includeInIndex = 0; lastKnownFileType = wrapper.application; path = LMS.app; sourceTree = BUILT_PRODUCTS_DIR; };
		9CFE6A93E90B00ABC7AD04E6 /* APIConfig.swift */ = {isa = PBXFileReference; lastKnownFileType = sourcecode.swift; path = APIConfig.swift; sourceTree = "<group>"; };
		A06B96DE7BDDC099F8A7B5C4 /* CommentsViewModel.swift */ = {isa = PBXFileReference; lastKnownFileType = sourcecode.swift; path = CommentsViewModel.swift; sourceTree = "<group>"; };
		A989696A2EB698F76DBAE52E /* CreateAssignmentView.swift */ = {isa = PBXFileReference; lastKnownFileType = sourcecode.swift; path = CreateAssignmentView.swift; sourceTree = "<group>"; };
		B0905D04D880FA328EB0D6A4 /* CommentsViewModelTests.swift */ = {isa = PBXFileReference; lastKnownFileType = sourcecode.swift; path = CommentsViewModelTests.swift; sourceTree = "<group>"; };
		B0D5944B7542BE7F80AB9B73 /* ClassCardView.swift */ = {isa = PBXFileReference; lastKnownFileType = sourcecode.swift; path = ClassCardView.swift; sourceTree = "<group>"; };
		B0D71CFCB022D22D40CAF3F0 /* ClassListViewModel.swift */ = {isa = PBXFileReference; lastKnownFileType = sourcecode.swift; path = ClassListViewModel.swift; sourceTree = "<group>"; };
		B0E4BBBDC85345005C55A7AB /* AuthResponse.swift */ = {isa = PBXFileReference; lastKnownFileType = sourcecode.swift; path = AuthResponse.swift; sourceTree = "<group>"; };
		B6A6517DACD23A61E7F91AF4 /* FileAttachmentView.swift */ = {isa = PBXFileReference; lastKnownFileType = sourcecode.swift; path = FileAttachmentView.swift; sourceTree = "<group>"; };
		B9B78B01D7B08F18B33A44AD /* DeepLinkHandler.swift */ = {isa = PBXFileReference; lastKnownFileType = sourcecode.swift; path = DeepLinkHandler.swift; sourceTree = "<group>"; };
		BDFA6996CB49DD2921D63DE6 /* MockData.swift */ = {isa = PBXFileReference; lastKnownFileType = sourcecode.swift; path = MockData.swift; sourceTree = "<group>"; };
		C0A88DE7350BB7CF0AD55C93 /* LoginView.swift */ = {isa = PBXFileReference; lastKnownFileType = sourcecode.swift; path = LoginView.swift; sourceTree = "<group>"; };
		C4B9394D111F73871D23AEEE /* RegisterRequest.swift */ = {isa = PBXFileReference; lastKnownFileType = sourcecode.swift; path = RegisterRequest.swift; sourceTree = "<group>"; };
		C8D8683568911AD56D01F983 /* Team.swift */ = {isa = PBXFileReference; lastKnownFileType = sourcecode.swift; path = Team.swift; sourceTree = "<group>"; };
		C8F32F5550A0A0FFF1B8849C /* Member.swift */ = {isa = PBXFileReference; lastKnownFileType = sourcecode.swift; path = Member.swift; sourceTree = "<group>"; };
		C97B1B8684EB8CFA12F81FC2 /* MemberProfileView.swift */ = {isa = PBXFileReference; lastKnownFileType = sourcecode.swift; path = MemberProfileView.swift; sourceTree = "<group>"; };
		C9AAED0D9A800FA94EAFE0F5 /* CreateTeamSheet.swift */ = {isa = PBXFileReference; lastKnownFileType = sourcecode.swift; path = CreateTeamSheet.swift; sourceTree = "<group>"; };
		CD617273E3892E794C081755 /* JSONCoder+LMS.swift */ = {isa = PBXFileReference; lastKnownFileType = sourcecode.swift; path = "JSONCoder+LMS.swift"; sourceTree = "<group>"; };
		CF32CBB0F2375378326B3DCB /* AssignmentCardView.swift */ = {isa = PBXFileReference; lastKnownFileType = sourcecode.swift; path = AssignmentCardView.swift; sourceTree = "<group>"; };
		D19B4018348DDFAD7AF35520 /* EmptyStateView.swift */ = {isa = PBXFileReference; lastKnownFileType = sourcecode.swift; path = EmptyStateView.swift; sourceTree = "<group>"; };
		D3FAF60DCEB97BDAA5566B18 /* StatusBadge.swift */ = {isa = PBXFileReference; lastKnownFileType = sourcecode.swift; path = StatusBadge.swift; sourceTree = "<group>"; };
		D7BF9578A267CE55BD9893FB /* KeychainHelper.swift */ = {isa = PBXFileReference; lastKnownFileType = sourcecode.swift; path = KeychainHelper.swift; sourceTree = "<group>"; };
		D95BC75E1DFA6CC519FD7EB0 /* GradeView.swift */ = {isa = PBXFileReference; lastKnownFileType = sourcecode.swift; path = GradeView.swift; sourceTree = "<group>"; };
		DA1BE78F26FE1C119D82FC66 /* ClassSettingsView.swift */ = {isa = PBXFileReference; lastKnownFileType = sourcecode.swift; path = ClassSettingsView.swift; sourceTree = "<group>"; };
		DA48B75B2DC4EB2861CA5891 /* ErrorBanner.swift */ = {isa = PBXFileReference; lastKnownFileType = sourcecode.swift; path = ErrorBanner.swift; sourceTree = "<group>"; };
		DB61A511F14AD0F535E240C6 /* ClassRoom.swift */ = {isa = PBXFileReference; lastKnownFileType = sourcecode.swift; path = ClassRoom.swift; sourceTree = "<group>"; };
		DF5B62D2BE31406DB236A8A8 /* MembersListViewModelTests.swift */ = {isa = PBXFileReference; lastKnownFileType = sourcecode.swift; path = MembersListViewModelTests.swift; sourceTree = "<group>"; };
		E80FB739EF0CEE73CF1DFCB7 /* TeamGradeView.swift */ = {isa = PBXFileReference; lastKnownFileType = sourcecode.swift; path = TeamGradeView.swift; sourceTree = "<group>"; };
		EAA3562FEEDB59F55A405B8F /* ProfileView.swift */ = {isa = PBXFileReference; lastKnownFileType = sourcecode.swift; path = ProfileView.swift; sourceTree = "<group>"; };
		EB382E358EC29BE36E9AD4F5 /* User.swift */ = {isa = PBXFileReference; lastKnownFileType = sourcecode.swift; path = User.swift; sourceTree = "<group>"; };
		F13E7EF54B505858D568ADDC /* LMSTests.xctest */ = {isa = PBXFileReference; includeInIndex = 0; lastKnownFileType = wrapper.cfbundle; path = LMSTests.xctest; sourceTree = BUILT_PRODUCTS_DIR; };
		F46524CD34CD2C4D722DABA4 /* ClassListView.swift */ = {isa = PBXFileReference; lastKnownFileType = sourcecode.swift; path = ClassListView.swift; sourceTree = "<group>"; };
		F93E575C77FB7F50106E908D /* AssignmentTeacherView.swift */ = {isa = PBXFileReference; lastKnownFileType = sourcecode.swift; path = AssignmentTeacherView.swift; sourceTree = "<group>"; };
		FAD3D49BDCA9ADA8565ACB58 /* ProfileViewModelTests.swift */ = {isa = PBXFileReference; lastKnownFileType = sourcecode.swift; path = ProfileViewModelTests.swift; sourceTree = "<group>"; };
/* End PBXFileReference section */

/* Begin PBXGroup section */
		07F586F0E6EC761A6229A14D /* Classes */ = {
			isa = PBXGroup;
			children = (
				CF32CBB0F2375378326B3DCB /* AssignmentCardView.swift */,
				B0D5944B7542BE7F80AB9B73 /* ClassCardView.swift */,
				04B6E562D3E94E5B071DE437 /* ClassDetailView.swift */,
				F46524CD34CD2C4D722DABA4 /* ClassListView.swift */,
				DA1BE78F26FE1C119D82FC66 /* ClassSettingsView.swift */,
				3ECBDBD350F1219253AC4343 /* ClassStatsView.swift */,
				433CC0EC29492A36105825E1 /* CreateClassSheet.swift */,
				597794DC803C2A7426C8B89C /* JoinClassSheet.swift */,
			);
			path = Classes;
			sourceTree = "<group>";
		};
		26CCC0E52CC1D50542F726E2 /* Resources */ = {
			isa = PBXGroup;
			children = (
				8E0B4D5685FBFD27D84FEB81 /* Assets.xcassets */,
			);
			path = Resources;
			sourceTree = "<group>";
		};
		355B1615ED522DD7363CC0AF /* Services */ = {
			isa = PBXGroup;
			children = (
				9CFE6A93E90B00ABC7AD04E6 /* APIConfig.swift */,
				19E7413006C830E7909E2ED0 /* APIService.swift */,
				7E9D8BC2ECCB018555CB7595 /* APIServiceProtocol.swift */,
				18307B108761FB2302C79B27 /* AuthManager.swift */,
				B9B78B01D7B08F18B33A44AD /* DeepLinkHandler.swift */,
				D7BF9578A267CE55BD9893FB /* KeychainHelper.swift */,
				2EFB8120E1FBB8994C96814D /* MockAPIService.swift */,
				999A52EF41AC9906B503BDC3 /* NetworkError.swift */,
			);
			path = Services;
			sourceTree = "<group>";
		};
		3698B46287C0F3B82B739F42 /* LMSTests */ = {
			isa = PBXGroup;
			children = (
				0371F3971D1E20D8342C3609 /* AssignmentViewModelTests.swift */,
				995ABD6411FBEC362B9B8A7E /* AuthManagerTests.swift */,
				58D1AD0570AC56CCCED1F0B1 /* ClassDetailViewModelTests.swift */,
				7EF1E340076E8D12118452CA /* ClassListViewModelTests.swift */,
				B0905D04D880FA328EB0D6A4 /* CommentsViewModelTests.swift */,
				573E8E20D51D8B3767362B6C /* LMSTests.swift */,
				1D37877E5BE77FA2A472A78C /* LoginViewModelTests.swift */,
				DF5B62D2BE31406DB236A8A8 /* MembersListViewModelTests.swift */,
				0C123451B40E8B7B7A0FF513 /* ModelsTests.swift */,
				0E208574B12C55048815F50B /* NetworkTests.swift */,
				FAD3D49BDCA9ADA8565ACB58 /* ProfileViewModelTests.swift */,
				8443E40DE6C2D6E17EDB2A54 /* RegisterViewModelTests.swift */,
			);
			path = LMSTests;
			sourceTree = "<group>";
		};
		3C83BCA67B2DF25CC483E810 /* Products */ = {
			isa = PBXGroup;
			children = (
				99A74AD1A245310BAE017775 /* LMS.app */,
				F13E7EF54B505858D568ADDC /* LMSTests.xctest */,
				374BE9173FFAADD2EE68DBDC /* LMSUITests.xctest */,
			);
			name = Products;
			sourceTree = "<group>";
		};
		4E434CA62E42C70532847974 /* Comments */ = {
			isa = PBXGroup;
			children = (
				1AE8CE05E7FE58F0A84EFA64 /* CommentRowView.swift */,
				83B17F50961EEBD8538FB360 /* CommentsSection.swift */,
			);
			path = Comments;
			sourceTree = "<group>";
		};
		6CBF72AA9B133EBE76625836 /* Teams */ = {
			isa = PBXGroup;
			children = (
				C9AAED0D9A800FA94EAFE0F5 /* CreateTeamSheet.swift */,
				8996340BB6B384A2A9536F4E /* ShuffleTeamsSheet.swift */,
				0F350F7109905708E8DCA807 /* TeamDetailView.swift */,
				E80FB739EF0CEE73CF1DFCB7 /* TeamGradeView.swift */,
				02A02C3849C895D38B66F969 /* TeamsListView.swift */,
			);
			path = Teams;
			sourceTree = "<group>";
		};
		6D7788F04A6282FCEB5526B7 /* Models */ = {
			isa = PBXGroup;
			children = (
				749498F0358CA210BD5EE427 /* Assignment.swift */,
				B0E4BBBDC85345005C55A7AB /* AuthResponse.swift */,
				DB61A511F14AD0F535E240C6 /* ClassRoom.swift */,
				68E759070408013835F8F638 /* ClassStats.swift */,
				73F1FA7C177E3B0013EA66C8 /* Comment.swift */,
				18026A405508E56A65B033D5 /* FileData.swift */,
				C8F32F5550A0A0FFF1B8849C /* Member.swift */,
				BDFA6996CB49DD2921D63DE6 /* MockData.swift */,
				5E83125AE0448DF0982311C8 /* PageResponse.swift */,
				C4B9394D111F73871D23AEEE /* RegisterRequest.swift */,
				437F3AC2FBCA94359BA22B68 /* Role.swift */,
				83981A08A310D807C33D60B3 /* Submission.swift */,
				0CDC6B511AF3C2E9E524D50E /* SubmissionStatus.swift */,
				C8D8683568911AD56D01F983 /* Team.swift */,
				05C0FCEED104A26B069E8EAF /* UpdateProfileRequest.swift */,
				EB382E358EC29BE36E9AD4F5 /* User.swift */,
			);
			path = Models;
			sourceTree = "<group>";
		};
		85DED15B342D55751A917E29 /* Assignments */ = {
			isa = PBXGroup;
			children = (
				810D58A1C5144AB6DBA2B9EA /* AssignmentDetailView.swift */,
				0CD24EB53B8C8A1141CCC16A /* AssignmentStudentView.swift */,
				F93E575C77FB7F50106E908D /* AssignmentTeacherView.swift */,
				A989696A2EB698F76DBAE52E /* CreateAssignmentView.swift */,
				024473752BBDF4AAA7F7F283 /* CreateQuickAssignmentSheet.swift */,
				1269D4579A9A367533C7E4A7 /* SubmissionDetailView.swift */,
				65DD1D45D06B894F0A19F43D /* SubmissionRowView.swift */,
			);
			path = Assignments;
			sourceTree = "<group>";
		};
		8D2E16B897CA735E976CAE59 /* App */ = {
			isa = PBXGroup;
			children = (
				806D0FBA679AE4B1E4A5C948 /* LMSApp.swift */,
			);
			path = App;
			sourceTree = "<group>";
		};
		91BBA95128F4EA4A2458C878 /* Auth */ = {
			isa = PBXGroup;
			children = (
				C0A88DE7350BB7CF0AD55C93 /* LoginView.swift */,
				467075BAA6F4ECC6096009DA /* RegisterView.swift */,
			);
			path = Auth;
			sourceTree = "<group>";
		};
		995103CC791AAA8A2B4BFFFA /* Members */ = {
			isa = PBXGroup;
			children = (
				C97B1B8684EB8CFA12F81FC2 /* MemberProfileView.swift */,
				47A1FD86D331235E08E6DDA6 /* MemberRowView.swift */,
				101A765C235970281E8BF275 /* MembersListView.swift */,
			);
			path = Members;
			sourceTree = "<group>";
		};
		9AA1882D9D6202050D077659 /* Profile */ = {
			isa = PBXGroup;
			children = (
				EAA3562FEEDB59F55A405B8F /* ProfileView.swift */,
			);
			path = Profile;
			sourceTree = "<group>";
		};
		A9265D32803754E011611BFA /* Views */ = {
			isa = PBXGroup;
			children = (
				1D3ED9DCD58C1C9C28BAAD8F /* MainTabView.swift */,
				85DED15B342D55751A917E29 /* Assignments */,
				91BBA95128F4EA4A2458C878 /* Auth */,
				07F586F0E6EC761A6229A14D /* Classes */,
				4E434CA62E42C70532847974 /* Comments */,
				995103CC791AAA8A2B4BFFFA /* Members */,
				9AA1882D9D6202050D077659 /* Profile */,
				6CBF72AA9B133EBE76625836 /* Teams */,
			);
			path = Views;
			sourceTree = "<group>";
		};
		DD398D26E50FA93FBAF8AAAD /* ViewModels */ = {
			isa = PBXGroup;
			children = (
				2AFDE99CEFAB4A06AFA2E570 /* AssignmentStudentViewModel.swift */,
				62825A9FEDC18CFB7F21B6AB /* AssignmentTeacherViewModel.swift */,
				5A85F43368BF4E69B57400C1 /* ClassDetailViewModel.swift */,
				B0D71CFCB022D22D40CAF3F0 /* ClassListViewModel.swift */,
				290918585097B87D50D3F14D /* ClassStatsViewModel.swift */,
				A06B96DE7BDDC099F8A7B5C4 /* CommentsViewModel.swift */,
				1EB75104D79F6C1FEEDE8BEC /* CreateAssignmentViewModel.swift */,
				75C43F0994B9BDFB0FD5C501 /* LoginViewModel.swift */,
				60C3F81941E42D53776923BB /* MembersListViewModel.swift */,
				78F1097E7FDFEFEC4FCB6772 /* ProfileViewModel.swift */,
				240F3E33B14ECEF53B2F97C1 /* RegisterViewModel.swift */,
				6E2D1091DCC62CC35B5ED62D /* SubmissionDetailViewModel.swift */,
				8798E4C9F16D13008A5D001E /* TeamGradeViewModel.swift */,
				4277667A93255FADB9050300 /* TeamsViewModel.swift */,
			);
			path = ViewModels;
			sourceTree = "<group>";
		};
		E8184548C4C890C6EAF1D245 = {
			isa = PBXGroup;
			children = (
				F1DDE7BB1EC16AC4E362341F /* LMS */,
				3698B46287C0F3B82B739F42 /* LMSTests */,
				EC3AF9F6921D7134B50CF7AA /* LMSUITests */,
				3C83BCA67B2DF25CC483E810 /* Products */,
			);
			sourceTree = "<group>";
		};
		EC3AF9F6921D7134B50CF7AA /* LMSUITests */ = {
			isa = PBXGroup;
			children = (
				48C11E09ED5E3B14E21D314C /* LMSUITests.swift */,
			);
			path = LMSUITests;
			sourceTree = "<group>";
		};
		F1DDE7BB1EC16AC4E362341F /* LMS */ = {
			isa = PBXGroup;
			children = (
				8D2E16B897CA735E976CAE59 /* App */,
				FC70095A46C28899006353B1 /* Components */,
				F5E4DA283DB9F850542EDF43 /* Extensions */,
				6D7788F04A6282FCEB5526B7 /* Models */,
				26CCC0E52CC1D50542F726E2 /* Resources */,
				355B1615ED522DD7363CC0AF /* Services */,
				DD398D26E50FA93FBAF8AAAD /* ViewModels */,
				A9265D32803754E011611BFA /* Views */,
			);
			path = LMS;
			sourceTree = "<group>";
		};
		F5E4DA283DB9F850542EDF43 /* Extensions */ = {
			isa = PBXGroup;
			children = (
				CD617273E3892E794C081755 /* JSONCoder+LMS.swift */,
			);
			path = Extensions;
			sourceTree = "<group>";
		};
		FC70095A46C28899006353B1 /* Components */ = {
			isa = PBXGroup;
			children = (
				75318DCCE7F4BD2530108748 /* AvatarView.swift */,
				65DAA3D7B2494C20990A34F9 /* DeadlineBadge.swift */,
				5485701441C1C395B4AD8B05 /* DocumentPicker.swift */,
				D19B4018348DDFAD7AF35520 /* EmptyStateView.swift */,
				DA48B75B2DC4EB2861CA5891 /* ErrorBanner.swift */,
				B6A6517DACD23A61E7F91AF4 /* FileAttachmentView.swift */,
				399C2A00E7C89A1B7BD158C8 /* FilePreviewView.swift */,
				D95BC75E1DFA6CC519FD7EB0 /* GradeView.swift */,
				087A71AD3EDFEAF824176A4B /* LoadingButton.swift */,
				4DEDBD049F68C912D43CE3D8 /* RoleBadge.swift */,
				D3FAF60DCEB97BDAA5566B18 /* StatusBadge.swift */,
			);
			path = Components;
			sourceTree = "<group>";
		};
/* End PBXGroup section */

/* Begin PBXNativeTarget section */
		5041EEEBCC1DB04499A86782 /* LMSUITests */ = {
			isa = PBXNativeTarget;
			buildConfigurationList = 720CA9C2E15822B0A77E45D6 /* Build configuration list for PBXNativeTarget "LMSUITests" */;
			buildPhases = (
				02EEE1E3FFE990DD1753D70D /* Sources */,
			);
			buildRules = (
			);
			dependencies = (
				0F1852D2E8AF89542345549F /* PBXTargetDependency */,
			);
			name = LMSUITests;
			productName = LMSUITests;
			productReference = 374BE9173FFAADD2EE68DBDC /* LMSUITests.xctest */;
			productType = "com.apple.product-type.bundle.ui-testing";
		};
		70CC125DF568AFE30D438F39 /* LMS */ = {
			isa = PBXNativeTarget;
			buildConfigurationList = 838A88B8E0ACC6DE9C288324 /* Build configuration list for PBXNativeTarget "LMS" */;
			buildPhases = (
				6EAF5B3D11AF7A31F1D752D8 /* Sources */,
				1F0EE41AC1392042E762453E /* Resources */,
			);
			buildRules = (
			);
			dependencies = (
			);
			name = LMS;
			productName = LMS;
			productReference = 99A74AD1A245310BAE017775 /* LMS.app */;
			productType = "com.apple.product-type.application";
		};
		9BFF1939C159A50AB2BEB661 /* LMSTests */ = {
			isa = PBXNativeTarget;
			buildConfigurationList = 6DF61B825E02751EEF530927 /* Build configuration list for PBXNativeTarget "LMSTests" */;
			buildPhases = (
				DDC97A655CCB35437C9FEE8B /* Sources */,
			);
			buildRules = (
			);
			dependencies = (
				97051CE4174003D4FA642992 /* PBXTargetDependency */,
			);
			name = LMSTests;
			productName = LMSTests;
			productReference = F13E7EF54B505858D568ADDC /* LMSTests.xctest */;
			productType = "com.apple.product-type.bundle.unit-test";
		};
/* End PBXNativeTarget section */

/* Begin PBXProject section */
		1BDA123E2A496A75607E73E8 /* Project object */ = {
			isa = PBXProject;
			attributes = {
				BuildIndependentTargetsInParallel = YES;
				LastUpgradeCheck = 1600;
				TargetAttributes = {
					5041EEEBCC1DB04499A86782 = {
						TestTargetID = 70CC125DF568AFE30D438F39;
					};
				};
			};
			buildConfigurationList = E4CC6372170BE6DC84316F52 /* Build configuration list for PBXProject "LMS" */;
			compatibilityVersion = "Xcode 14.0";
			developmentRegion = en;
			hasScannedForEncodings = 0;
			knownRegions = (
				Base,
				en,
			);
			mainGroup = E8184548C4C890C6EAF1D245;
			projectDirPath = "";
			projectRoot = "";
			targets = (
				70CC125DF568AFE30D438F39 /* LMS */,
				9BFF1939C159A50AB2BEB661 /* LMSTests */,
				5041EEEBCC1DB04499A86782 /* LMSUITests */,
			);
		};
/* End PBXProject section */

/* Begin PBXResourcesBuildPhase section */
		1F0EE41AC1392042E762453E /* Resources */ = {
			isa = PBXResourcesBuildPhase;
			buildActionMask = 2147483647;
			files = (
				9CEF02FB805666A61BA74F41 /* Assets.xcassets in Resources */,
			);
			runOnlyForDeploymentPostprocessing = 0;
		};
/* End PBXResourcesBuildPhase section */

/* Begin PBXSourcesBuildPhase section */
		02EEE1E3FFE990DD1753D70D /* Sources */ = {
			isa = PBXSourcesBuildPhase;
			buildActionMask = 2147483647;
			files = (
				001CBC15BF77503AC22192E3 /* LMSUITests.swift in Sources */,
			);
			runOnlyForDeploymentPostprocessing = 0;
		};
		6EAF5B3D11AF7A31F1D752D8 /* Sources */ = {
			isa = PBXSourcesBuildPhase;
			buildActionMask = 2147483647;
			files = (
				3541DDF85C7A74D91471F304 /* APIConfig.swift in Sources */,
				99C032E1AA11E01CC32FF8B1 /* APIService.swift in Sources */,
				58E911F22A7394594CE60F36 /* APIServiceProtocol.swift in Sources */,
				10DA49655E93696141627497 /* Assignment.swift in Sources */,
				A5C4AC78B1164A0845C907A2 /* AssignmentCardView.swift in Sources */,
				EB845E24E65541C16DB3032C /* AssignmentDetailView.swift in Sources */,
				3F698C641087F2637A63444C /* AssignmentStudentView.swift in Sources */,
				F5608C5C9675D3FDEB9AD3A0 /* AssignmentStudentViewModel.swift in Sources */,
				0569D474ECA24702EC7473DD /* AssignmentTeacherView.swift in Sources */,
				29DF839DB91F0C291E94CE73 /* AssignmentTeacherViewModel.swift in Sources */,
				4203DA0AC2734437AB0EA611 /* AuthManager.swift in Sources */,
				E5C50EC7289B4B2978AB5C74 /* AuthResponse.swift in Sources */,
				47B2AF39F75D9CAE16189B51 /* AvatarView.swift in Sources */,
				5B30B2D138F7EFB9AABC96C0 /* ClassCardView.swift in Sources */,
				F8929E59703720D7782F4E21 /* ClassDetailView.swift in Sources */,
				DBCC63CD6F17624CF684BF60 /* ClassDetailViewModel.swift in Sources */,
				418BCAC0F3C4958C011F9E5A /* ClassListView.swift in Sources */,
				8E9F09F3CBBFF2B88A31C8C6 /* ClassListViewModel.swift in Sources */,
				DB7E8A08A907A312B75CA5EE /* ClassRoom.swift in Sources */,
				CFFBF8EEEF9BE82EFB1CF017 /* ClassSettingsView.swift in Sources */,
				A947E34959ADCB6A3E087D4F /* ClassStats.swift in Sources */,
				ECF2C1E585C6E2E196A9618B /* ClassStatsView.swift in Sources */,
				B2CE05A147F60A0BC5CDADFB /* ClassStatsViewModel.swift in Sources */,
				1526B6AD2B9A36980AB2A20D /* Comment.swift in Sources */,
				10AA93AE2220C173AA6EEDD4 /* CommentRowView.swift in Sources */,
				4AABD5ADE2DCEFEE4D0F89D5 /* CommentsSection.swift in Sources */,
				3B913A12B904281C90BFD1B1 /* CommentsViewModel.swift in Sources */,
				BBE9DDBCB9146BC768306AF1 /* CreateAssignmentView.swift in Sources */,
				258FA6E28679BE0FEFFE8EDD /* CreateAssignmentViewModel.swift in Sources */,
				6E4EDCAF04D0259884EF6C94 /* CreateClassSheet.swift in Sources */,
				8C3A10DF0E28A7B5FE4175C8 /* CreateQuickAssignmentSheet.swift in Sources */,
				6D97D0D121803B1C2C91CAE6 /* CreateTeamSheet.swift in Sources */,
				B29508F91444ED37510C691D /* DeadlineBadge.swift in Sources */,
				8E83CB7D61895B9603A6F976 /* DeepLinkHandler.swift in Sources */,
				AB0A449599CDF408D67419FB /* DocumentPicker.swift in Sources */,
				C37DD33A81A0446966C69291 /* EmptyStateView.swift in Sources */,
				00487D3F440069A25AEF0432 /* ErrorBanner.swift in Sources */,
				70140E826F0CE22B78E64FE8 /* FileAttachmentView.swift in Sources */,
				59E1EC7A5FD23DF1DFFC2451 /* FileData.swift in Sources */,
				5A19D0134B6C4D2146B85105 /* FilePreviewView.swift in Sources */,
				2556465E12AEDA627ADC87D3 /* GradeView.swift in Sources */,
				F5902983E45FCF3169D46A62 /* JSONCoder+LMS.swift in Sources */,
				BABD216732E9690219668F5D /* JoinClassSheet.swift in Sources */,
				B959A14F9D3500F11F2925B8 /* KeychainHelper.swift in Sources */,
				176FCC7A84B4ECB09767AC5F /* LMSApp.swift in Sources */,
				A22B21AEF80C512D4AD9A3D1 /* LoadingButton.swift in Sources */,
				576F8CDF969EE2371CD1FAC1 /* LoginView.swift in Sources */,
				DFC2AB92264289A22355168C /* LoginViewModel.swift in Sources */,
				7D1E55E2FFA44BD0538495B4 /* MainTabView.swift in Sources */,
				9179B04081AA866E14E767FB /* Member.swift in Sources */,
				939451BF62F353018CC8FE56 /* MemberProfileView.swift in Sources */,
				F1B31D1C7B4BAC26EAAE94E0 /* MemberRowView.swift in Sources */,
				FB4878875D027B77A8DAF170 /* MembersListView.swift in Sources */,
				6C364828E40E862EEAB696E0 /* MembersListViewModel.swift in Sources */,
				7E97E5F32B93FDBB07C6F05D /* MockAPIService.swift in Sources */,
				C32AF9D215EA301162F78A21 /* MockData.swift in Sources */,
				917F5DB397E652B1E18E525F /* NetworkError.swift in Sources */,
				7B86D286FCE24C59248279E1 /* PageResponse.swift in Sources */,
				F0BEFB57771134CC1D3B4C1A /* ProfileView.swift in Sources */,
				B912CDB762BA1FA4F8919CA1 /* ProfileViewModel.swift in Sources */,
				61CF04DF884FE81558379F40 /* RegisterRequest.swift in Sources */,
				8A0E5313FF193C19E6686E12 /* RegisterView.swift in Sources */,
				FC0DDB990E1C2DD3F4F14EB5 /* RegisterViewModel.swift in Sources */,
				A699BA0923CE879FE27D822D /* Role.swift in Sources */,
				A06C85DB4D77ED215E76459D /* RoleBadge.swift in Sources */,
				FBCC3F103435E13AD14B82DD /* ShuffleTeamsSheet.swift in Sources */,
				377DA7F0CAD1AF6F4E8C90C9 /* StatusBadge.swift in Sources */,
				45F6F00D7552C52D25AA7BCC /* Submission.swift in Sources */,
				3863896A118603C282F50B06 /* SubmissionDetailView.swift in Sources */,
				807D22776002CF6DCF26454C /* SubmissionDetailViewModel.swift in Sources */,
				15F0B77425D460B9480D8991 /* SubmissionRowView.swift in Sources */,
				599C278EADB32B4BA3EBEC53 /* SubmissionStatus.swift in Sources */,
				0E85AAA4EB8CE50636F24D36 /* Team.swift in Sources */,
				CBE0F9B51363C2D1D2726637 /* TeamDetailView.swift in Sources */,
				909E74E99428D934C02D1055 /* TeamGradeView.swift in Sources */,
				845B34199D4E902AB6F8814A /* TeamGradeViewModel.swift in Sources */,
				F44BA4DC7AA2322816168CE9 /* TeamsListView.swift in Sources */,
				405F7F01127A5D4D9C429111 /* TeamsViewModel.swift in Sources */,
				06FA0B757A5B4A9957B3C07D /* UpdateProfileRequest.swift in Sources */,
				42E97502F6194BF0C4EBD5BA /* User.swift in Sources */,
			);
			runOnlyForDeploymentPostprocessing = 0;
		};
		DDC97A655CCB35437C9FEE8B /* Sources */ = {
			isa = PBXSourcesBuildPhase;
			buildActionMask = 2147483647;
			files = (
				BFBEEBCCD4C22F6970996BEF /* AssignmentViewModelTests.swift in Sources */,
				649B705DDE54A7D921AE51F9 /* AuthManagerTests.swift in Sources */,
				1859DE3629D59C48BD53A422 /* ClassDetailViewModelTests.swift in Sources */,
				6D97DF4DF232C2DD882B1C9D /* ClassListViewModelTests.swift in Sources */,
				4A646A1E8BD837B0809A0D97 /* CommentsViewModelTests.swift in Sources */,
				F2FFFC1B4A6BBE02F1B3AE62 /* LMSTests.swift in Sources */,
				22155EB70191D1DE288F2961 /* LoginViewModelTests.swift in Sources */,
				F9F0A021A66D23E6B5D0DFA7 /* MembersListViewModelTests.swift in Sources */,
				4C3404BFD8E99267A0990F61 /* ModelsTests.swift in Sources */,
				5CB13C7BB585D735C58E01C5 /* NetworkTests.swift in Sources */,
				E4C17D2754B9F2E106997AEE /* ProfileViewModelTests.swift in Sources */,
				E4DBFB1D50FA92F2107D4E8A /* RegisterViewModelTests.swift in Sources */,
			);
			runOnlyForDeploymentPostprocessing = 0;
		};
/* End PBXSourcesBuildPhase section */

/* Begin PBXTargetDependency section */
		0F1852D2E8AF89542345549F /* PBXTargetDependency */ = {
			isa = PBXTargetDependency;
			target = 70CC125DF568AFE30D438F39 /* LMS */;
			targetProxy = 3B3BC612627B28FF0B60B22C /* PBXContainerItemProxy */;
		};
		97051CE4174003D4FA642992 /* PBXTargetDependency */ = {
			isa = PBXTargetDependency;
			target = 70CC125DF568AFE30D438F39 /* LMS */;
			targetProxy = D7322437F2B4479146BFB770 /* PBXContainerItemProxy */;
		};
/* End PBXTargetDependency section */

/* Begin XCBuildConfiguration section */
		10821CF587EBEB44073A06DB /* Release */ = {
			isa = XCBuildConfiguration;
			buildSettings = {
				ASSETCATALOG_COMPILER_APPICON_NAME = AppIcon;
				CODE_SIGN_IDENTITY = "iPhone Developer";
				CURRENT_PROJECT_VERSION = 1;
				GENERATE_INFOPLIST_FILE = YES;
				INFOPLIST_GENERATION_MODE = GeneratedFile;
				INFOPLIST_KEY_UIApplicationSceneManifest_Generation = YES;
				INFOPLIST_KEY_UILaunchScreen_Generation = YES;
				INFOPLIST_KEY_UISupportedInterfaceOrientations_iPhone = UIInterfaceOrientationPortrait;
				LD_RUNPATH_SEARCH_PATHS = (
					"$(inherited)",
					"@executable_path/Frameworks",
				);
				MARKETING_VERSION = 1.0.0;
				PRODUCT_BUNDLE_IDENTIFIER = com.lms.app;
				SDKROOT = iphoneos;
				SWIFT_EMIT_LOC_STRINGS = YES;
				TARGETED_DEVICE_FAMILY = "1,2";
			};
			name = Release;
		};
		13B0ABCF7B1A0CBB1BC87FAC /* Release */ = {
			isa = XCBuildConfiguration;
			buildSettings = {
				BUNDLE_LOADER = "$(TEST_HOST)";
				GENERATE_INFOPLIST_FILE = YES;
				LD_RUNPATH_SEARCH_PATHS = (
					"$(inherited)",
					"@executable_path/Frameworks",
					"@loader_path/Frameworks",
				);
				PRODUCT_BUNDLE_IDENTIFIER = com.lms.tests;
				SDKROOT = iphoneos;
				TARGETED_DEVICE_FAMILY = "1,2";
				TEST_HOST = "$(BUILT_PRODUCTS_DIR)/LMS.app/$(BUNDLE_EXECUTABLE_FOLDER_PATH)/LMS";
			};
			name = Release;
		};
		3A2F32B122A419362AB94DFD /* Release */ = {
			isa = XCBuildConfiguration;
			buildSettings = {
				BUNDLE_LOADER = "$(TEST_HOST)";
				GENERATE_INFOPLIST_FILE = YES;
				LD_RUNPATH_SEARCH_PATHS = (
					"$(inherited)",
					"@executable_path/Frameworks",
					"@loader_path/Frameworks",
				);
				PRODUCT_BUNDLE_IDENTIFIER = com.lms.uitests;
				SDKROOT = iphoneos;
				TARGETED_DEVICE_FAMILY = "1,2";
				TEST_TARGET_NAME = LMS;
			};
			name = Release;
		};
		5210FFE973344F8D467487B2 /* Debug */ = {
			isa = XCBuildConfiguration;
			buildSettings = {
				ASSETCATALOG_COMPILER_APPICON_NAME = AppIcon;
				CODE_SIGN_IDENTITY = "iPhone Developer";
				CURRENT_PROJECT_VERSION = 1;
				GENERATE_INFOPLIST_FILE = YES;
				INFOPLIST_GENERATION_MODE = GeneratedFile;
				INFOPLIST_KEY_UIApplicationSceneManifest_Generation = YES;
				INFOPLIST_KEY_UILaunchScreen_Generation = YES;
				INFOPLIST_KEY_UISupportedInterfaceOrientations_iPhone = UIInterfaceOrientationPortrait;
				LD_RUNPATH_SEARCH_PATHS = (
					"$(inherited)",
					"@executable_path/Frameworks",
				);
				MARKETING_VERSION = 1.0.0;
				PRODUCT_BUNDLE_IDENTIFIER = com.lms.app;
				SDKROOT = iphoneos;
				SWIFT_EMIT_LOC_STRINGS = YES;
				TARGETED_DEVICE_FAMILY = "1,2";
			};
			name = Debug;
		};
		7459732EC865ECF1E75DFA22 /* Debug */ = {
			isa = XCBuildConfiguration;
			buildSettings = {
				BUNDLE_LOADER = "$(TEST_HOST)";
				GENERATE_INFOPLIST_FILE = YES;
				LD_RUNPATH_SEARCH_PATHS = (
					"$(inherited)",
					"@executable_path/Frameworks",
					"@loader_path/Frameworks",
				);
				PRODUCT_BUNDLE_IDENTIFIER = com.lms.uitests;
				SDKROOT = iphoneos;
				TARGETED_DEVICE_FAMILY = "1,2";
				TEST_TARGET_NAME = LMS;
			};
			name = Debug;
		};
		76515C0B0F74850CD9B601CE /* Debug */ = {
			isa = XCBuildConfiguration;
			buildSettings = {
				ALWAYS_SEARCH_USER_PATHS = NO;
				CLANG_ANALYZER_NONNULL = YES;
				CLANG_ANALYZER_NUMBER_OBJECT_CONVERSION = YES_AGGRESSIVE;
				CLANG_CXX_LANGUAGE_STANDARD = "gnu++14";
				CLANG_CXX_LIBRARY = "libc++";
				CLANG_ENABLE_MODULES = YES;
				CLANG_ENABLE_OBJC_ARC = YES;
				CLANG_ENABLE_OBJC_WEAK = YES;
				CLANG_WARN_BLOCK_CAPTURE_AUTORELEASING = YES;
				CLANG_WARN_BOOL_CONVERSION = YES;
				CLANG_WARN_COMMA = YES;
				CLANG_WARN_CONSTANT_CONVERSION = YES;
				CLANG_WARN_DEPRECATED_OBJC_IMPLEMENTATIONS = YES;
				CLANG_WARN_DIRECT_OBJC_ISA_USAGE = YES_ERROR;
				CLANG_WARN_DOCUMENTATION_COMMENTS = YES;
				CLANG_WARN_EMPTY_BODY = YES;
				CLANG_WARN_ENUM_CONVERSION = YES;
				CLANG_WARN_INFINITE_RECURSION = YES;
				CLANG_WARN_INT_CONVERSION = YES;
				CLANG_WARN_NON_LITERAL_NULL_CONVERSION = YES;
				CLANG_WARN_OBJC_IMPLICIT_RETAIN_SELF = YES;
				CLANG_WARN_OBJC_LITERAL_CONVERSION = YES;
				CLANG_WARN_OBJC_ROOT_CLASS = YES_ERROR;
				CLANG_WARN_QUOTED_INCLUDE_IN_FRAMEWORK_HEADER = YES;
				CLANG_WARN_RANGE_LOOP_ANALYSIS = YES;
				CLANG_WARN_STRICT_PROTOTYPES = YES;
				CLANG_WARN_SUSPICIOUS_MOVE = YES;
				CLANG_WARN_UNGUARDED_AVAILABILITY = YES_AGGRESSIVE;
				CLANG_WARN_UNREACHABLE_CODE = YES;
				CLANG_WARN__DUPLICATE_METHOD_MATCH = YES;
				COPY_PHASE_STRIP = NO;
				DEBUG_INFORMATION_FORMAT = dwarf;
				ENABLE_STRICT_OBJC_MSGSEND = YES;
				ENABLE_TESTABILITY = YES;
				GCC_C_LANGUAGE_STANDARD = gnu11;
				GCC_DYNAMIC_NO_PIC = NO;
				GCC_NO_COMMON_BLOCKS = YES;
				GCC_OPTIMIZATION_LEVEL = 0;
				GCC_PREPROCESSOR_DEFINITIONS = (
					"$(inherited)",
					"DEBUG=1",
				);
				GCC_WARN_64_TO_32_BIT_CONVERSION = YES;
				GCC_WARN_ABOUT_RETURN_TYPE = YES_ERROR;
				GCC_WARN_UNDECLARED_SELECTOR = YES;
				GCC_WARN_UNINITIALIZED_AUTOS = YES_AGGRESSIVE;
				GCC_WARN_UNUSED_FUNCTION = YES;
				GCC_WARN_UNUSED_VARIABLE = YES;
				IPHONEOS_DEPLOYMENT_TARGET = 17.0;
				MTL_ENABLE_DEBUG_INFO = INCLUDE_SOURCE;
				MTL_FAST_MATH = YES;
				ONLY_ACTIVE_ARCH = YES;
				PRODUCT_NAME = "$(TARGET_NAME)";
				SDKROOT = iphoneos;
				SWIFT_ACTIVE_COMPILATION_CONDITIONS = DEBUG;
				SWIFT_OPTIMIZATION_LEVEL = "-Onone";
				SWIFT_VERSION = 5.9;
			};
			name = Debug;
		};
		8AC0C1C1BF16EEA2375AF0E9 /* Debug */ = {
			isa = XCBuildConfiguration;
			buildSettings = {
				BUNDLE_LOADER = "$(TEST_HOST)";
				GENERATE_INFOPLIST_FILE = YES;
				LD_RUNPATH_SEARCH_PATHS = (
					"$(inherited)",
					"@executable_path/Frameworks",
					"@loader_path/Frameworks",
				);
				PRODUCT_BUNDLE_IDENTIFIER = com.lms.tests;
				SDKROOT = iphoneos;
				TARGETED_DEVICE_FAMILY = "1,2";
				TEST_HOST = "$(BUILT_PRODUCTS_DIR)/LMS.app/$(BUNDLE_EXECUTABLE_FOLDER_PATH)/LMS";
			};
			name = Debug;
		};
		BEE8AB2F583E73E171AA8591 /* Release */ = {
			isa = XCBuildConfiguration;
			buildSettings = {
				ALWAYS_SEARCH_USER_PATHS = NO;
				CLANG_ANALYZER_NONNULL = YES;
				CLANG_ANALYZER_NUMBER_OBJECT_CONVERSION = YES_AGGRESSIVE;
				CLANG_CXX_LANGUAGE_STANDARD = "gnu++14";
				CLANG_CXX_LIBRARY = "libc++";
				CLANG_ENABLE_MODULES = YES;
				CLANG_ENABLE_OBJC_ARC = YES;
				CLANG_ENABLE_OBJC_WEAK = YES;
				CLANG_WARN_BLOCK_CAPTURE_AUTORELEASING = YES;
				CLANG_WARN_BOOL_CONVERSION = YES;
				CLANG_WARN_COMMA = YES;
				CLANG_WARN_CONSTANT_CONVERSION = YES;
				CLANG_WARN_DEPRECATED_OBJC_IMPLEMENTATIONS = YES;
				CLANG_WARN_DIRECT_OBJC_ISA_USAGE = YES_ERROR;
				CLANG_WARN_DOCUMENTATION_COMMENTS = YES;
				CLANG_WARN_EMPTY_BODY = YES;
				CLANG_WARN_ENUM_CONVERSION = YES;
				CLANG_WARN_INFINITE_RECURSION = YES;
				CLANG_WARN_INT_CONVERSION = YES;
				CLANG_WARN_NON_LITERAL_NULL_CONVERSION = YES;
				CLANG_WARN_OBJC_IMPLICIT_RETAIN_SELF = YES;
				CLANG_WARN_OBJC_LITERAL_CONVERSION = YES;
				CLANG_WARN_OBJC_ROOT_CLASS = YES_ERROR;
				CLANG_WARN_QUOTED_INCLUDE_IN_FRAMEWORK_HEADER = YES;
				CLANG_WARN_RANGE_LOOP_ANALYSIS = YES;
				CLANG_WARN_STRICT_PROTOTYPES = YES;
				CLANG_WARN_SUSPICIOUS_MOVE = YES;
				CLANG_WARN_UNGUARDED_AVAILABILITY = YES_AGGRESSIVE;
				CLANG_WARN_UNREACHABLE_CODE = YES;
				CLANG_WARN__DUPLICATE_METHOD_MATCH = YES;
				COPY_PHASE_STRIP = NO;
				DEBUG_INFORMATION_FORMAT = "dwarf-with-dsym";
				ENABLE_NS_ASSERTIONS = NO;
				ENABLE_STRICT_OBJC_MSGSEND = YES;
				GCC_C_LANGUAGE_STANDARD = gnu11;
				GCC_NO_COMMON_BLOCKS = YES;
				GCC_WARN_64_TO_32_BIT_CONVERSION = YES;
				GCC_WARN_ABOUT_RETURN_TYPE = YES_ERROR;
				GCC_WARN_UNDECLARED_SELECTOR = YES;
				GCC_WARN_UNINITIALIZED_AUTOS = YES_AGGRESSIVE;
				GCC_WARN_UNUSED_FUNCTION = YES;
				GCC_WARN_UNUSED_VARIABLE = YES;
				IPHONEOS_DEPLOYMENT_TARGET = 17.0;
				MTL_ENABLE_DEBUG_INFO = NO;
				MTL_FAST_MATH = YES;
				PRODUCT_NAME = "$(TARGET_NAME)";
				SDKROOT = iphoneos;
				SWIFT_COMPILATION_MODE = wholemodule;
				SWIFT_OPTIMIZATION_LEVEL = "-O";
				SWIFT_VERSION = 5.9;
			};
			name = Release;
		};
/* End XCBuildConfiguration section */

/* Begin XCConfigurationList section */
		6DF61B825E02751EEF530927 /* Build configuration list for PBXNativeTarget "LMSTests" */ = {
			isa = XCConfigurationList;
			buildConfigurations = (
				8AC0C1C1BF16EEA2375AF0E9 /* Debug */,
				13B0ABCF7B1A0CBB1BC87FAC /* Release */,
			);
			defaultConfigurationIsVisible = 0;
			defaultConfigurationName = Debug;
		};
		720CA9C2E15822B0A77E45D6 /* Build configuration list for PBXNativeTarget "LMSUITests" */ = {
			isa = XCConfigurationList;
			buildConfigurations = (
				7459732EC865ECF1E75DFA22 /* Debug */,
				3A2F32B122A419362AB94DFD /* Release */,
			);
			defaultConfigurationIsVisible = 0;
			defaultConfigurationName = Debug;
		};
		838A88B8E0ACC6DE9C288324 /* Build configuration list for PBXNativeTarget "LMS" */ = {
			isa = XCConfigurationList;
			buildConfigurations = (
				5210FFE973344F8D467487B2 /* Debug */,
				10821CF587EBEB44073A06DB /* Release */,
			);
			defaultConfigurationIsVisible = 0;
			defaultConfigurationName = Debug;
		};
		E4CC6372170BE6DC84316F52 /* Build configuration list for PBXProject "LMS" */ = {
			isa = XCConfigurationList;
			buildConfigurations = (
				76515C0B0F74850CD9B601CE /* Debug */,
				BEE8AB2F583E73E171AA8591 /* Release */,
			);
			defaultConfigurationIsVisible = 0;
			defaultConfigurationName = Debug;
		};
/* End XCConfigurationList section */
	};
	rootObject = 1BDA123E2A496A75607E73E8 /* Project object */;
}
